
Microsoft Visual Studio Solution File, Format Version 12.00
# Visual Studio Version 17
VisualStudioVersion = 17.10.35004.147
MinimumVisualStudioVersion = 10.0.40219.1
Project("{F184B08F-C81C-45F6-A57F-5ABD9991F28F}") = "WinScan.Net", "WinScan.Net.vbproj", "{35EB3B88-38DE-435D-A0BB-0490E1713979}"
EndProject
Global
	GlobalSection(SolutionConfigurationPlatforms) = preSolution
		Debug|x64 = Debug|x64
		Debug|x86 = Debug|x86
		Release|x64 = Release|x64
		Release|x86 = Release|x86
	EndGlobalSection
	GlobalSection(ProjectConfigurationPlatforms) = postSolution
		{35EB3B88-38DE-435D-A0BB-0490E1713979}.Debug|x64.ActiveCfg = Debug|x64
		{35EB3B88-38DE-435D-A0BB-0490E1713979}.Debug|x64.Build.0 = Debug|x64
		{35EB3B88-38DE-435D-A0BB-0490E1713979}.Debug|x86.ActiveCfg = Debug|x86
		{35EB3B88-38DE-435D-A0BB-0490E1713979}.Debug|x86.Build.0 = Debug|x86
		{35EB3B88-38DE-435D-A0BB-0490E1713979}.Release|x64.ActiveCfg = Release|x64
		{35EB3B88-38DE-435D-A0BB-0490E1713979}.Release|x64.Build.0 = Release|x64
		{35EB3B88-38DE-435D-A0BB-0490E1713979}.Release|x86.ActiveCfg = Release|x86
		{35EB3B88-38DE-435D-A0BB-0490E1713979}.Release|x86.Build.0 = Release|x86
	EndGlobalSection
	GlobalSection(SolutionProperties) = preSolution
		HideSolutionNode = FALSE
	EndGlobalSection
	GlobalSection(ExtensibilityGlobals) = postSolution
		SolutionGuid = {04ECC6BB-912B-4609-94F1-2392972940C0}
	EndGlobalSection
EndGlobal
